
Microsoft Visual Studio Solution File, Format Version 12.00
# Visual Studio Version 16
VisualStudioVersion = 16.0.28803.202
MinimumVisualStudioVersion = 10.0.40219.1
Project("{FAE04EC0-301F-11D3-BF4B-00C04F79EFBC}") = "ReferenceWebApplication", "ReferenceWebApplication\ReferenceWebApplication.csproj", "{ADABA90A-359C-404C-BA53-BE783216A78C}"
EndProject
Global
	GlobalSection(SolutionConfigurationPlatforms) = preSolution
		Debug|Any CPU = Debug|Any CPU
		Release|Any CPU = Release|Any CPU
	EndGlobalSection
	GlobalSection(ProjectConfigurationPlatforms) = postSolution
		{ADABA90A-359C-404C-BA53-BE783216A78C}.Debug|Any CPU.ActiveCfg = Debug|Any CPU
		{ADABA90A-359C-404C-BA53-BE783216A78C}.Debug|Any CPU.Build.0 = Debug|Any CPU
		{ADABA90A-359C-404C-BA53-BE783216A78C}.Release|Any CPU.ActiveCfg = Release|Any CPU
		{ADABA90A-359C-404C-BA53-BE783216A78C}.Release|Any CPU.Build.0 = Release|Any CPU
	EndGlobalSection
	GlobalSection(SolutionProperties) = preSolution
		HideSolutionNode = FALSE
	EndGlobalSection
	GlobalSection(ExtensibilityGlobals) = postSolution
		SolutionGuid = {AAB14A48-A5B4-4969-9BF5-2754D3E105A6}
	EndGlobalSection
EndGlobal
